
Microsoft Visual Studio Solution File, Format Version 12.00
# Visual Studio Version 17
VisualStudioVersion = 17.11.35327.3
MinimumVisualStudioVersion = 10.0.40219.1
Project("{2150E333-8FDC-42A3-9474-1A3956D46DE8}") = "ShopManagement", "ShopManagement", "{D9AE81F9-C0BB-4062-97E2-901D42B387BB}"
EndProject
Project("{2150E333-8FDC-42A3-9474-1A3956D46DE8}") = "SM.Domain", "SM.Domain", "{CC8CD224-1BFB-4629-A4BF-243A24A0F8E2}"
EndProject
Project("{9A19103F-16F7-4668-BE54-9A1E7A4F7556}") = "ShopManagement.Domain", "ShopManagement.Domain\ShopManagement.Domain.csproj", "{75327FD8-17C3-4B4D-9714-692652070397}"
EndProject
Project("{9A19103F-16F7-4668-BE54-9A1E7A4F7556}") = "Framework", "Framework\Framework.csproj", "{59CCE010-A205-4845-B69D-3FF24F9AE724}"
EndProject
Project("{2150E333-8FDC-42A3-9474-1A3956D46DE8}") = "SM.Application", "SM.Application", "{E8E4B4F1-EA91-4326-8701-2E43B8142BF7}"
EndProject
Project("{9A19103F-16F7-4668-BE54-9A1E7A4F7556}") = "ShopManagement.Contracts", "ShopManagement.Contracts\ShopManagement.Contracts.csproj", "{F4D5E952-D5C1-4142-A7DE-35078E6E46F0}"
EndProject
Project("{9A19103F-16F7-4668-BE54-9A1E7A4F7556}") = "ShopManagement.Application", "ShopManagement.Application\ShopManagement.Application.csproj", "{D93AB050-5CE5-49A5-B9AC-63BD87B2D167}"
EndProject
Project("{2150E333-8FDC-42A3-9474-1A3956D46DE8}") = "SM.Infrastructure", "SM.Infrastructure", "{78267DB9-AB25-4C80-B676-2F8D6CFE44A2}"
EndProject
Project("{9A19103F-16F7-4668-BE54-9A1E7A4F7556}") = "ShopManagement.Infrastructure.EfCore", "ShopManagement.Infrastructure.EfCore\ShopManagement.Infrastructure.EfCore.csproj", "{668FBCA2-3E51-47F5-B305-5A9CC69A5949}"
EndProject
Project("{9A19103F-16F7-4668-BE54-9A1E7A4F7556}") = "ShopManagement.infrastructure.Configuration", "ShopManagement.infrastructure.Configuration\ShopManagement.infrastructure.Configuration.csproj", "{8896C8B0-34CB-451A-B027-EE8B04C24EAF}"
EndProject
Project("{9A19103F-16F7-4668-BE54-9A1E7A4F7556}") = "ServiceHost", "ServiceHost\ServiceHost.csproj", "{BB89018A-3EC7-443D-ACD0-9E13689E45AE}"
EndProject
Project("{9A19103F-16F7-4668-BE54-9A1E7A4F7556}") = "Query", "Query\Query.csproj", "{47465DC1-852C-47FF-A024-AB90B623CAA5}"
EndProject
Project("{2150E333-8FDC-42A3-9474-1A3956D46DE8}") = "ِDiscountManagement", "ِDiscountManagement", "{11EC3B1A-A91F-421E-BA07-6766F08BAD45}"
EndProject
Project("{2150E333-8FDC-42A3-9474-1A3956D46DE8}") = "DM.Domain", "DM.Domain", "{51EFCB84-46A9-41C3-A901-2CE84E955D79}"
EndProject
Project("{FAE04EC0-301F-11D3-BF4B-00C04F79EFBC}") = "DiscountManagement.Domain", "DiscountManagement.Domain\DiscountManagement.Domain.csproj", "{FAE257E8-A487-4228-9009-8177F02312E2}"
EndProject
Project("{2150E333-8FDC-42A3-9474-1A3956D46DE8}") = "DM.Application", "DM.Application", "{E040992D-D944-4C7D-A1B0-0F3F63758533}"
EndProject
Project("{FAE04EC0-301F-11D3-BF4B-00C04F79EFBC}") = "DiscountManagement.Application.Contract", "DiscountManagement.Application.Contract\DiscountManagement.Application.Contract.csproj", "{1A9BAF67-E0C7-4F95-A5CD-FDA48E058BC0}"
EndProject
Global
	GlobalSection(SolutionConfigurationPlatforms) = preSolution
		Debug|Any CPU = Debug|Any CPU
		Release|Any CPU = Release|Any CPU
	EndGlobalSection
	GlobalSection(ProjectConfigurationPlatforms) = postSolution
		{75327FD8-17C3-4B4D-9714-692652070397}.Debug|Any CPU.ActiveCfg = Debug|Any CPU
		{75327FD8-17C3-4B4D-9714-692652070397}.Debug|Any CPU.Build.0 = Debug|Any CPU
		{75327FD8-17C3-4B4D-9714-692652070397}.Release|Any CPU.ActiveCfg = Release|Any CPU
		{75327FD8-17C3-4B4D-9714-692652070397}.Release|Any CPU.Build.0 = Release|Any CPU
		{59CCE010-A205-4845-B69D-3FF24F9AE724}.Debug|Any CPU.ActiveCfg = Debug|Any CPU
		{59CCE010-A205-4845-B69D-3FF24F9AE724}.Debug|Any CPU.Build.0 = Debug|Any CPU
		{59CCE010-A205-4845-B69D-3FF24F9AE724}.Release|Any CPU.ActiveCfg = Release|Any CPU
		{59CCE010-A205-4845-B69D-3FF24F9AE724}.Release|Any CPU.Build.0 = Release|Any CPU
		{F4D5E952-D5C1-4142-A7DE-35078E6E46F0}.Debug|Any CPU.ActiveCfg = Debug|Any CPU
		{F4D5E952-D5C1-4142-A7DE-35078E6E46F0}.Debug|Any CPU.Build.0 = Debug|Any CPU
		{F4D5E952-D5C1-4142-A7DE-35078E6E46F0}.Release|Any CPU.ActiveCfg = Release|Any CPU
		{F4D5E952-D5C1-4142-A7DE-35078E6E46F0}.Release|Any CPU.Build.0 = Release|Any CPU
		{D93AB050-5CE5-49A5-B9AC-63BD87B2D167}.Debug|Any CPU.ActiveCfg = Debug|Any CPU
		{D93AB050-5CE5-49A5-B9AC-63BD87B2D167}.Debug|Any CPU.Build.0 = Debug|Any CPU
		{D93AB050-5CE5-49A5-B9AC-63BD87B2D167}.Release|Any CPU.ActiveCfg = Release|Any CPU
		{D93AB050-5CE5-49A5-B9AC-63BD87B2D167}.Release|Any CPU.Build.0 = Release|Any CPU
		{668FBCA2-3E51-47F5-B305-5A9CC69A5949}.Debug|Any CPU.ActiveCfg = Debug|Any CPU
		{668FBCA2-3E51-47F5-B305-5A9CC69A5949}.Debug|Any CPU.Build.0 = Debug|Any CPU
		{668FBCA2-3E51-47F5-B305-5A9CC69A5949}.Release|Any CPU.ActiveCfg = Release|Any CPU
		{668FBCA2-3E51-47F5-B305-5A9CC69A5949}.Release|Any CPU.Build.0 = Release|Any CPU
		{8896C8B0-34CB-451A-B027-EE8B04C24EAF}.Debug|Any CPU.ActiveCfg = Debug|Any CPU
		{8896C8B0-34CB-451A-B027-EE8B04C24EAF}.Debug|Any CPU.Build.0 = Debug|Any CPU
		{8896C8B0-34CB-451A-B027-EE8B04C24EAF}.Release|Any CPU.ActiveCfg = Release|Any CPU
		{8896C8B0-34CB-451A-B027-EE8B04C24EAF}.Release|Any CPU.Build.0 = Release|Any CPU
		{BB89018A-3EC7-443D-ACD0-9E13689E45AE}.Debug|Any CPU.ActiveCfg = Debug|Any CPU
		{BB89018A-3EC7-443D-ACD0-9E13689E45AE}.Debug|Any CPU.Build.0 = Debug|Any CPU
		{BB89018A-3EC7-443D-ACD0-9E13689E45AE}.Release|Any CPU.ActiveCfg = Release|Any CPU
		{BB89018A-3EC7-443D-ACD0-9E13689E45AE}.Release|Any CPU.Build.0 = Release|Any CPU
		{47465DC1-852C-47FF-A024-AB90B623CAA5}.Debug|Any CPU.ActiveCfg = Debug|Any CPU
		{47465DC1-852C-47FF-A024-AB90B623CAA5}.Debug|Any CPU.Build.0 = Debug|Any CPU
		{47465DC1-852C-47FF-A024-AB90B623CAA5}.Release|Any CPU.ActiveCfg = Release|Any CPU
		{47465DC1-852C-47FF-A024-AB90B623CAA5}.Release|Any CPU.Build.0 = Release|Any CPU
		{FAE257E8-A487-4228-9009-8177F02312E2}.Debug|Any CPU.ActiveCfg = Debug|Any CPU
		{FAE257E8-A487-4228-9009-8177F02312E2}.Debug|Any CPU.Build.0 = Debug|Any CPU
		{FAE257E8-A487-4228-9009-8177F02312E2}.Release|Any CPU.ActiveCfg = Release|Any CPU
		{FAE257E8-A487-4228-9009-8177F02312E2}.Release|Any CPU.Build.0 = Release|Any CPU
		{1A9BAF67-E0C7-4F95-A5CD-FDA48E058BC0}.Debug|Any CPU.ActiveCfg = Debug|Any CPU
		{1A9BAF67-E0C7-4F95-A5CD-FDA48E058BC0}.Debug|Any CPU.Build.0 = Debug|Any CPU
		{1A9BAF67-E0C7-4F95-A5CD-FDA48E058BC0}.Release|Any CPU.ActiveCfg = Release|Any CPU
		{1A9BAF67-E0C7-4F95-A5CD-FDA48E058BC0}.Release|Any CPU.Build.0 = Release|Any CPU
	EndGlobalSection
	GlobalSection(SolutionProperties) = preSolution
		HideSolutionNode = FALSE
	EndGlobalSection
	GlobalSection(NestedProjects) = preSolution
		{CC8CD224-1BFB-4629-A4BF-243A24A0F8E2} = {D9AE81F9-C0BB-4062-97E2-901D42B387BB}
		{75327FD8-17C3-4B4D-9714-692652070397} = {CC8CD224-1BFB-4629-A4BF-243A24A0F8E2}
		{E8E4B4F1-EA91-4326-8701-2E43B8142BF7} = {D9AE81F9-C0BB-4062-97E2-901D42B387BB}
		{F4D5E952-D5C1-4142-A7DE-35078E6E46F0} = {E8E4B4F1-EA91-4326-8701-2E43B8142BF7}
		{D93AB050-5CE5-49A5-B9AC-63BD87B2D167} = {E8E4B4F1-EA91-4326-8701-2E43B8142BF7}
		{78267DB9-AB25-4C80-B676-2F8D6CFE44A2} = {D9AE81F9-C0BB-4062-97E2-901D42B387BB}
		{668FBCA2-3E51-47F5-B305-5A9CC69A5949} = {78267DB9-AB25-4C80-B676-2F8D6CFE44A2}
		{8896C8B0-34CB-451A-B027-EE8B04C24EAF} = {78267DB9-AB25-4C80-B676-2F8D6CFE44A2}
		{51EFCB84-46A9-41C3-A901-2CE84E955D79} = {11EC3B1A-A91F-421E-BA07-6766F08BAD45}
		{FAE257E8-A487-4228-9009-8177F02312E2} = {51EFCB84-46A9-41C3-A901-2CE84E955D79}
		{E040992D-D944-4C7D-A1B0-0F3F63758533} = {11EC3B1A-A91F-421E-BA07-6766F08BAD45}
		{1A9BAF67-E0C7-4F95-A5CD-FDA48E058BC0} = {E040992D-D944-4C7D-A1B0-0F3F63758533}
	EndGlobalSection
	GlobalSection(ExtensibilityGlobals) = postSolution
		SolutionGuid = {B4348554-1CA7-4F93-A74A-E93BD864DE42}
	EndGlobalSection
EndGlobal
