
Microsoft Visual Studio Solution File, Format Version 12.00
# Visual Studio Version 17
VisualStudioVersion = 17.11.35327.3
MinimumVisualStudioVersion = 10.0.40219.1
Project("{2150E333-8FDC-42A3-9474-1A3956D46DE8}") = "ShopManagement", "ShopManagement", "{D9AE81F9-C0BB-4062-97E2-901D42B387BB}"
EndProject
Project("{2150E333-8FDC-42A3-9474-1A3956D46DE8}") = "SM.Domain", "SM.Domain", "{CC8CD224-1BFB-4629-A4BF-243A24A0F8E2}"
EndProject
Project("{9A19103F-16F7-4668-BE54-9A1E7A4F7556}") = "ShopManagement.Domain", "ShopManagement.Domain\ShopManagement.Domain.csproj", "{75327FD8-17C3-4B4D-9714-692652070397}"
EndProject
Project("{9A19103F-16F7-4668-BE54-9A1E7A4F7556}") = "Framework", "Framework\Framework.csproj", "{59CCE010-A205-4845-B69D-3FF24F9AE724}"
EndProject
Project("{2150E333-8FDC-42A3-9474-1A3956D46DE8}") = "SM.Application", "SM.Application", "{E8E4B4F1-EA91-4326-8701-2E43B8142BF7}"
EndProject
Project("{9A19103F-16F7-4668-BE54-9A1E7A4F7556}") = "ShopManagement.Contracts", "ShopManagement.Contracts\ShopManagement.Contracts.csproj", "{F4D5E952-D5C1-4142-A7DE-35078E6E46F0}"
EndProject
Project("{9A19103F-16F7-4668-BE54-9A1E7A4F7556}") = "ShopManagement.Application", "ShopManagement.Application\ShopManagement.Application.csproj", "{D93AB050-5CE5-49A5-B9AC-63BD87B2D167}"
EndProject
Project("{2150E333-8FDC-42A3-9474-1A3956D46DE8}") = "SM.Infrastructure", "SM.Infrastructure", "{78267DB9-AB25-4C80-B676-2F8D6CFE44A2}"
EndProject
Project("{9A19103F-16F7-4668-BE54-9A1E7A4F7556}") = "ShopManagement.Infrastructure.EfCore", "ShopManagement.Infrastructure.EfCore\ShopManagement.Infrastructure.EfCore.csproj", "{668FBCA2-3E51-47F5-B305-5A9CC69A5949}"
EndProject
Project("{9A19103F-16F7-4668-BE54-9A1E7A4F7556}") = "ShopManagement.infrastructure.Configuration", "ShopManagement.infrastructure.Configuration\ShopManagement.infrastructure.Configuration.csproj", "{8896C8B0-34CB-451A-B027-EE8B04C24EAF}"
EndProject
Project("{9A19103F-16F7-4668-BE54-9A1E7A4F7556}") = "ServiceHost", "ServiceHost\ServiceHost.csproj", "{BB89018A-3EC7-443D-ACD0-9E13689E45AE}"
EndProject
Project("{9A19103F-16F7-4668-BE54-9A1E7A4F7556}") = "Query", "Query\Query.csproj", "{47465DC1-852C-47FF-A024-AB90B623CAA5}"
EndProject
Project("{2150E333-8FDC-42A3-9474-1A3956D46DE8}") = "ِDiscountManagement", "ِDiscountManagement", "{11EC3B1A-A91F-421E-BA07-6766F08BAD45}"
EndProject
Project("{2150E333-8FDC-42A3-9474-1A3956D46DE8}") = "DM.Domain", "DM.Domain", "{51EFCB84-46A9-41C3-A901-2CE84E955D79}"
EndProject
Project("{9A19103F-16F7-4668-BE54-9A1E7A4F7556}") = "DiscountManagement.Domain", "DiscountManagement.Domain\DiscountManagement.Domain.csproj", "{FAE257E8-A487-4228-9009-8177F02312E2}"
EndProject
Project("{2150E333-8FDC-42A3-9474-1A3956D46DE8}") = "DM.Application", "DM.Application", "{E040992D-D944-4C7D-A1B0-0F3F63758533}"
EndProject
Project("{9A19103F-16F7-4668-BE54-9A1E7A4F7556}") = "DiscountManagement.Application.Contract", "DiscountManagement.Application.Contract\DiscountManagement.Application.Contract.csproj", "{1A9BAF67-E0C7-4F95-A5CD-FDA48E058BC0}"
EndProject
Project("{9A19103F-16F7-4668-BE54-9A1E7A4F7556}") = "DiscountManagement.Application", "DiscountManagement.Application\DiscountManagement.Application.csproj", "{6119CE30-DCE5-4547-99C5-C8A1F07474C3}"
EndProject
Project("{2150E333-8FDC-42A3-9474-1A3956D46DE8}") = "DM.Infrastructure", "DM.Infrastructure", "{9811B0D6-FCD2-4ABD-9724-275CED819180}"
EndProject
Project("{9A19103F-16F7-4668-BE54-9A1E7A4F7556}") = "DiscountManagement.Infrastructure.EfCore", "DiscountManagement.Infrastructure.EfCore\DiscountManagement.Infrastructure.EfCore.csproj", "{7BF7B72F-66BF-4829-B2E8-F6BB94D41334}"
EndProject
Project("{9A19103F-16F7-4668-BE54-9A1E7A4F7556}") = "DiscountManagement.infrastructure.Configuration", "DiscountManagement.infrastructure.Configuration\DiscountManagement.infrastructure.Configuration.csproj", "{DBBBBD05-DC78-4639-87FD-66712E145647}"
EndProject
Project("{9A19103F-16F7-4668-BE54-9A1E7A4F7556}") = "InventoryManagement.Domain", "InventoryManagement\InventoryManagement.Domain\InventoryManagement.Domain.csproj", "{C29D1FC6-5F77-48F1-B8C7-05DC6ECA5624}"
EndProject
Project("{2150E333-8FDC-42A3-9474-1A3956D46DE8}") = "InventoryManagement", "InventoryManagement", "{C1EF2F89-CADE-42BB-A45F-CF26B5946E0A}"
EndProject
Project("{2150E333-8FDC-42A3-9474-1A3956D46DE8}") = "IM.Domain", "IM.Domain", "{987CB277-5A81-4B5C-BD2E-4D5E70C6C76A}"
EndProject
Project("{2150E333-8FDC-42A3-9474-1A3956D46DE8}") = "IM.Application", "IM.Application", "{28383F3E-E935-4A88-A667-A2F73303725C}"
EndProject
Project("{2150E333-8FDC-42A3-9474-1A3956D46DE8}") = "IM.Infrastructure", "IM.Infrastructure", "{201A3EA1-3C1A-4ABC-8CE0-E481DAA14468}"
EndProject
Project("{9A19103F-16F7-4668-BE54-9A1E7A4F7556}") = "InventoryManagement.Application.Contract", "InventoryManagement.Application.Contract\InventoryManagement.Application.Contract.csproj", "{E8A6A1F9-126A-4AD5-8D53-9897FD6F4485}"
EndProject
Project("{9A19103F-16F7-4668-BE54-9A1E7A4F7556}") = "InventoryManagement.Infrastructure.EfCore", "InventoryManagement.Infrastructure.EfCore\InventoryManagement.Infrastructure.EfCore.csproj", "{9F123641-A007-4908-AC75-F0CA343C5939}"
EndProject
Project("{9A19103F-16F7-4668-BE54-9A1E7A4F7556}") = "InventoryManagement.Infrastructure.Configuration", "InventoryManagement.Infrastructure.Configuration\InventoryManagement.Infrastructure.Configuration.csproj", "{2F36533B-A41C-493A-B87B-DE40EA8C6EBD}"
EndProject
Project("{9A19103F-16F7-4668-BE54-9A1E7A4F7556}") = "InventoryManagement.Application", "InventoryManagement.Application\InventoryManagement.Application.csproj", "{BBA41278-5CC7-40F3-B24A-F1F9A5FD12C8}"
EndProject
Project("{2150E333-8FDC-42A3-9474-1A3956D46DE8}") = "BlogManagement", "BlogManagement", "{3173DF88-E7C5-4E00-B129-9D62C8EE9D2E}"
EndProject
Project("{2150E333-8FDC-42A3-9474-1A3956D46DE8}") = "BM.Domain", "BM.Domain", "{BBBA629F-41F0-4543-B102-757D572C45D7}"
EndProject
Project("{2150E333-8FDC-42A3-9474-1A3956D46DE8}") = "BM.Application", "BM.Application", "{8C9655AE-62F1-4972-AEC8-93A04B190C5E}"
EndProject
Project("{2150E333-8FDC-42A3-9474-1A3956D46DE8}") = "BM.Infrastructure", "BM.Infrastructure", "{A4F4E4BE-809B-457A-B2B4-C261A1C35B67}"
EndProject
Project("{9A19103F-16F7-4668-BE54-9A1E7A4F7556}") = "BlogManagement.Domain", "BlogManagement.Domain\BlogManagement.Domain.csproj", "{D789CF3A-EEE8-4351-932C-4504BC9FF233}"
EndProject
Project("{9A19103F-16F7-4668-BE54-9A1E7A4F7556}") = "BlogManagement.Application.Contract", "BlogManagement.Application.Contract\BlogManagement.Application.Contract.csproj", "{DB8802B4-7243-4395-95FB-4560805B835C}"
EndProject
Project("{9A19103F-16F7-4668-BE54-9A1E7A4F7556}") = "BlogManagement.Application", "BlogManagement.Application\BlogManagement.Application.csproj", "{9D20E1CB-ED8E-44AC-9ED8-EE6D081FC801}"
EndProject
Project("{9A19103F-16F7-4668-BE54-9A1E7A4F7556}") = "BlogManagement.Infrastructure.EfCore", "BlogManagement.Infrastructure.EfCore\BlogManagement.Infrastructure.EfCore.csproj", "{C0112034-5066-4C20-B9C4-F5B690980BA1}"
EndProject
Project("{9A19103F-16F7-4668-BE54-9A1E7A4F7556}") = "BlogManagement.Infrastructure.Configuration", "BlogManagement.Infrastructure.Configuration\BlogManagement.Infrastructure.Configuration.csproj", "{BFAB5812-5DE2-4DB1-A0E5-3DB6980C224D}"
EndProject
Global
	GlobalSection(SolutionConfigurationPlatforms) = preSolution
		Debug|Any CPU = Debug|Any CPU
		Release|Any CPU = Release|Any CPU
	EndGlobalSection
	GlobalSection(ProjectConfigurationPlatforms) = postSolution
		{75327FD8-17C3-4B4D-9714-692652070397}.Debug|Any CPU.ActiveCfg = Debug|Any CPU
		{75327FD8-17C3-4B4D-9714-692652070397}.Debug|Any CPU.Build.0 = Debug|Any CPU
		{75327FD8-17C3-4B4D-9714-692652070397}.Release|Any CPU.ActiveCfg = Release|Any CPU
		{75327FD8-17C3-4B4D-9714-692652070397}.Release|Any CPU.Build.0 = Release|Any CPU
		{59CCE010-A205-4845-B69D-3FF24F9AE724}.Debug|Any CPU.ActiveCfg = Debug|Any CPU
		{59CCE010-A205-4845-B69D-3FF24F9AE724}.Debug|Any CPU.Build.0 = Debug|Any CPU
		{59CCE010-A205-4845-B69D-3FF24F9AE724}.Release|Any CPU.ActiveCfg = Release|Any CPU
		{59CCE010-A205-4845-B69D-3FF24F9AE724}.Release|Any CPU.Build.0 = Release|Any CPU
		{F4D5E952-D5C1-4142-A7DE-35078E6E46F0}.Debug|Any CPU.ActiveCfg = Debug|Any CPU
		{F4D5E952-D5C1-4142-A7DE-35078E6E46F0}.Debug|Any CPU.Build.0 = Debug|Any CPU
		{F4D5E952-D5C1-4142-A7DE-35078E6E46F0}.Release|Any CPU.ActiveCfg = Release|Any CPU
		{F4D5E952-D5C1-4142-A7DE-35078E6E46F0}.Release|Any CPU.Build.0 = Release|Any CPU
		{D93AB050-5CE5-49A5-B9AC-63BD87B2D167}.Debug|Any CPU.ActiveCfg = Debug|Any CPU
		{D93AB050-5CE5-49A5-B9AC-63BD87B2D167}.Debug|Any CPU.Build.0 = Debug|Any CPU
		{D93AB050-5CE5-49A5-B9AC-63BD87B2D167}.Release|Any CPU.ActiveCfg = Release|Any CPU
		{D93AB050-5CE5-49A5-B9AC-63BD87B2D167}.Release|Any CPU.Build.0 = Release|Any CPU
		{668FBCA2-3E51-47F5-B305-5A9CC69A5949}.Debug|Any CPU.ActiveCfg = Debug|Any CPU
		{668FBCA2-3E51-47F5-B305-5A9CC69A5949}.Debug|Any CPU.Build.0 = Debug|Any CPU
		{668FBCA2-3E51-47F5-B305-5A9CC69A5949}.Release|Any CPU.ActiveCfg = Release|Any CPU
		{668FBCA2-3E51-47F5-B305-5A9CC69A5949}.Release|Any CPU.Build.0 = Release|Any CPU
		{8896C8B0-34CB-451A-B027-EE8B04C24EAF}.Debug|Any CPU.ActiveCfg = Debug|Any CPU
		{8896C8B0-34CB-451A-B027-EE8B04C24EAF}.Debug|Any CPU.Build.0 = Debug|Any CPU
		{8896C8B0-34CB-451A-B027-EE8B04C24EAF}.Release|Any CPU.ActiveCfg = Release|Any CPU
		{8896C8B0-34CB-451A-B027-EE8B04C24EAF}.Release|Any CPU.Build.0 = Release|Any CPU
		{BB89018A-3EC7-443D-ACD0-9E13689E45AE}.Debug|Any CPU.ActiveCfg = Debug|Any CPU
		{BB89018A-3EC7-443D-ACD0-9E13689E45AE}.Debug|Any CPU.Build.0 = Debug|Any CPU
		{BB89018A-3EC7-443D-ACD0-9E13689E45AE}.Release|Any CPU.ActiveCfg = Release|Any CPU
		{BB89018A-3EC7-443D-ACD0-9E13689E45AE}.Release|Any CPU.Build.0 = Release|Any CPU
		{47465DC1-852C-47FF-A024-AB90B623CAA5}.Debug|Any CPU.ActiveCfg = Debug|Any CPU
		{47465DC1-852C-47FF-A024-AB90B623CAA5}.Debug|Any CPU.Build.0 = Debug|Any CPU
		{47465DC1-852C-47FF-A024-AB90B623CAA5}.Release|Any CPU.ActiveCfg = Release|Any CPU
		{47465DC1-852C-47FF-A024-AB90B623CAA5}.Release|Any CPU.Build.0 = Release|Any CPU
		{FAE257E8-A487-4228-9009-8177F02312E2}.Debug|Any CPU.ActiveCfg = Debug|Any CPU
		{FAE257E8-A487-4228-9009-8177F02312E2}.Debug|Any CPU.Build.0 = Debug|Any CPU
		{FAE257E8-A487-4228-9009-8177F02312E2}.Release|Any CPU.ActiveCfg = Release|Any CPU
		{FAE257E8-A487-4228-9009-8177F02312E2}.Release|Any CPU.Build.0 = Release|Any CPU
		{1A9BAF67-E0C7-4F95-A5CD-FDA48E058BC0}.Debug|Any CPU.ActiveCfg = Debug|Any CPU
		{1A9BAF67-E0C7-4F95-A5CD-FDA48E058BC0}.Debug|Any CPU.Build.0 = Debug|Any CPU
		{1A9BAF67-E0C7-4F95-A5CD-FDA48E058BC0}.Release|Any CPU.ActiveCfg = Release|Any CPU
		{1A9BAF67-E0C7-4F95-A5CD-FDA48E058BC0}.Release|Any CPU.Build.0 = Release|Any CPU
		{6119CE30-DCE5-4547-99C5-C8A1F07474C3}.Debug|Any CPU.ActiveCfg = Debug|Any CPU
		{6119CE30-DCE5-4547-99C5-C8A1F07474C3}.Debug|Any CPU.Build.0 = Debug|Any CPU
		{6119CE30-DCE5-4547-99C5-C8A1F07474C3}.Release|Any CPU.ActiveCfg = Release|Any CPU
		{6119CE30-DCE5-4547-99C5-C8A1F07474C3}.Release|Any CPU.Build.0 = Release|Any CPU
		{7BF7B72F-66BF-4829-B2E8-F6BB94D41334}.Debug|Any CPU.ActiveCfg = Debug|Any CPU
		{7BF7B72F-66BF-4829-B2E8-F6BB94D41334}.Debug|Any CPU.Build.0 = Debug|Any CPU
		{7BF7B72F-66BF-4829-B2E8-F6BB94D41334}.Release|Any CPU.ActiveCfg = Release|Any CPU
		{7BF7B72F-66BF-4829-B2E8-F6BB94D41334}.Release|Any CPU.Build.0 = Release|Any CPU
		{DBBBBD05-DC78-4639-87FD-66712E145647}.Debug|Any CPU.ActiveCfg = Debug|Any CPU
		{DBBBBD05-DC78-4639-87FD-66712E145647}.Debug|Any CPU.Build.0 = Debug|Any CPU
		{DBBBBD05-DC78-4639-87FD-66712E145647}.Release|Any CPU.ActiveCfg = Release|Any CPU
		{DBBBBD05-DC78-4639-87FD-66712E145647}.Release|Any CPU.Build.0 = Release|Any CPU
		{C29D1FC6-5F77-48F1-B8C7-05DC6ECA5624}.Debug|Any CPU.ActiveCfg = Debug|Any CPU
		{C29D1FC6-5F77-48F1-B8C7-05DC6ECA5624}.Debug|Any CPU.Build.0 = Debug|Any CPU
		{C29D1FC6-5F77-48F1-B8C7-05DC6ECA5624}.Release|Any CPU.ActiveCfg = Release|Any CPU
		{C29D1FC6-5F77-48F1-B8C7-05DC6ECA5624}.Release|Any CPU.Build.0 = Release|Any CPU
		{E8A6A1F9-126A-4AD5-8D53-9897FD6F4485}.Debug|Any CPU.ActiveCfg = Debug|Any CPU
		{E8A6A1F9-126A-4AD5-8D53-9897FD6F4485}.Debug|Any CPU.Build.0 = Debug|Any CPU
		{E8A6A1F9-126A-4AD5-8D53-9897FD6F4485}.Release|Any CPU.ActiveCfg = Release|Any CPU
		{E8A6A1F9-126A-4AD5-8D53-9897FD6F4485}.Release|Any CPU.Build.0 = Release|Any CPU
		{9F123641-A007-4908-AC75-F0CA343C5939}.Debug|Any CPU.ActiveCfg = Debug|Any CPU
		{9F123641-A007-4908-AC75-F0CA343C5939}.Debug|Any CPU.Build.0 = Debug|Any CPU
		{9F123641-A007-4908-AC75-F0CA343C5939}.Release|Any CPU.ActiveCfg = Release|Any CPU
		{9F123641-A007-4908-AC75-F0CA343C5939}.Release|Any CPU.Build.0 = Release|Any CPU
		{2F36533B-A41C-493A-B87B-DE40EA8C6EBD}.Debug|Any CPU.ActiveCfg = Debug|Any CPU
		{2F36533B-A41C-493A-B87B-DE40EA8C6EBD}.Debug|Any CPU.Build.0 = Debug|Any CPU
		{2F36533B-A41C-493A-B87B-DE40EA8C6EBD}.Release|Any CPU.ActiveCfg = Release|Any CPU
		{2F36533B-A41C-493A-B87B-DE40EA8C6EBD}.Release|Any CPU.Build.0 = Release|Any CPU
		{BBA41278-5CC7-40F3-B24A-F1F9A5FD12C8}.Debug|Any CPU.ActiveCfg = Debug|Any CPU
		{BBA41278-5CC7-40F3-B24A-F1F9A5FD12C8}.Debug|Any CPU.Build.0 = Debug|Any CPU
		{BBA41278-5CC7-40F3-B24A-F1F9A5FD12C8}.Release|Any CPU.ActiveCfg = Release|Any CPU
		{BBA41278-5CC7-40F3-B24A-F1F9A5FD12C8}.Release|Any CPU.Build.0 = Release|Any CPU
		{D789CF3A-EEE8-4351-932C-4504BC9FF233}.Debug|Any CPU.ActiveCfg = Debug|Any CPU
		{D789CF3A-EEE8-4351-932C-4504BC9FF233}.Debug|Any CPU.Build.0 = Debug|Any CPU
		{D789CF3A-EEE8-4351-932C-4504BC9FF233}.Release|Any CPU.ActiveCfg = Release|Any CPU
		{D789CF3A-EEE8-4351-932C-4504BC9FF233}.Release|Any CPU.Build.0 = Release|Any CPU
		{DB8802B4-7243-4395-95FB-4560805B835C}.Debug|Any CPU.ActiveCfg = Debug|Any CPU
		{DB8802B4-7243-4395-95FB-4560805B835C}.Debug|Any CPU.Build.0 = Debug|Any CPU
		{DB8802B4-7243-4395-95FB-4560805B835C}.Release|Any CPU.ActiveCfg = Release|Any CPU
		{DB8802B4-7243-4395-95FB-4560805B835C}.Release|Any CPU.Build.0 = Release|Any CPU
		{9D20E1CB-ED8E-44AC-9ED8-EE6D081FC801}.Debug|Any CPU.ActiveCfg = Debug|Any CPU
		{9D20E1CB-ED8E-44AC-9ED8-EE6D081FC801}.Debug|Any CPU.Build.0 = Debug|Any CPU
		{9D20E1CB-ED8E-44AC-9ED8-EE6D081FC801}.Release|Any CPU.ActiveCfg = Release|Any CPU
		{9D20E1CB-ED8E-44AC-9ED8-EE6D081FC801}.Release|Any CPU.Build.0 = Release|Any CPU
		{C0112034-5066-4C20-B9C4-F5B690980BA1}.Debug|Any CPU.ActiveCfg = Debug|Any CPU
		{C0112034-5066-4C20-B9C4-F5B690980BA1}.Debug|Any CPU.Build.0 = Debug|Any CPU
		{C0112034-5066-4C20-B9C4-F5B690980BA1}.Release|Any CPU.ActiveCfg = Release|Any CPU
		{C0112034-5066-4C20-B9C4-F5B690980BA1}.Release|Any CPU.Build.0 = Release|Any CPU
		{BFAB5812-5DE2-4DB1-A0E5-3DB6980C224D}.Debug|Any CPU.ActiveCfg = Debug|Any CPU
		{BFAB5812-5DE2-4DB1-A0E5-3DB6980C224D}.Debug|Any CPU.Build.0 = Debug|Any CPU
		{BFAB5812-5DE2-4DB1-A0E5-3DB6980C224D}.Release|Any CPU.ActiveCfg = Release|Any CPU
		{BFAB5812-5DE2-4DB1-A0E5-3DB6980C224D}.Release|Any CPU.Build.0 = Release|Any CPU
	EndGlobalSection
	GlobalSection(SolutionProperties) = preSolution
		HideSolutionNode = FALSE
	EndGlobalSection
	GlobalSection(NestedProjects) = preSolution
		{CC8CD224-1BFB-4629-A4BF-243A24A0F8E2} = {D9AE81F9-C0BB-4062-97E2-901D42B387BB}
		{75327FD8-17C3-4B4D-9714-692652070397} = {CC8CD224-1BFB-4629-A4BF-243A24A0F8E2}
		{E8E4B4F1-EA91-4326-8701-2E43B8142BF7} = {D9AE81F9-C0BB-4062-97E2-901D42B387BB}
		{F4D5E952-D5C1-4142-A7DE-35078E6E46F0} = {E8E4B4F1-EA91-4326-8701-2E43B8142BF7}
		{D93AB050-5CE5-49A5-B9AC-63BD87B2D167} = {E8E4B4F1-EA91-4326-8701-2E43B8142BF7}
		{78267DB9-AB25-4C80-B676-2F8D6CFE44A2} = {D9AE81F9-C0BB-4062-97E2-901D42B387BB}
		{668FBCA2-3E51-47F5-B305-5A9CC69A5949} = {78267DB9-AB25-4C80-B676-2F8D6CFE44A2}
		{8896C8B0-34CB-451A-B027-EE8B04C24EAF} = {78267DB9-AB25-4C80-B676-2F8D6CFE44A2}
		{51EFCB84-46A9-41C3-A901-2CE84E955D79} = {11EC3B1A-A91F-421E-BA07-6766F08BAD45}
		{FAE257E8-A487-4228-9009-8177F02312E2} = {51EFCB84-46A9-41C3-A901-2CE84E955D79}
		{E040992D-D944-4C7D-A1B0-0F3F63758533} = {11EC3B1A-A91F-421E-BA07-6766F08BAD45}
		{1A9BAF67-E0C7-4F95-A5CD-FDA48E058BC0} = {E040992D-D944-4C7D-A1B0-0F3F63758533}
		{6119CE30-DCE5-4547-99C5-C8A1F07474C3} = {E040992D-D944-4C7D-A1B0-0F3F63758533}
		{9811B0D6-FCD2-4ABD-9724-275CED819180} = {11EC3B1A-A91F-421E-BA07-6766F08BAD45}
		{7BF7B72F-66BF-4829-B2E8-F6BB94D41334} = {9811B0D6-FCD2-4ABD-9724-275CED819180}
		{DBBBBD05-DC78-4639-87FD-66712E145647} = {9811B0D6-FCD2-4ABD-9724-275CED819180}
		{C29D1FC6-5F77-48F1-B8C7-05DC6ECA5624} = {987CB277-5A81-4B5C-BD2E-4D5E70C6C76A}
		{987CB277-5A81-4B5C-BD2E-4D5E70C6C76A} = {C1EF2F89-CADE-42BB-A45F-CF26B5946E0A}
		{28383F3E-E935-4A88-A667-A2F73303725C} = {C1EF2F89-CADE-42BB-A45F-CF26B5946E0A}
		{201A3EA1-3C1A-4ABC-8CE0-E481DAA14468} = {C1EF2F89-CADE-42BB-A45F-CF26B5946E0A}
		{E8A6A1F9-126A-4AD5-8D53-9897FD6F4485} = {28383F3E-E935-4A88-A667-A2F73303725C}
		{9F123641-A007-4908-AC75-F0CA343C5939} = {201A3EA1-3C1A-4ABC-8CE0-E481DAA14468}
		{2F36533B-A41C-493A-B87B-DE40EA8C6EBD} = {201A3EA1-3C1A-4ABC-8CE0-E481DAA14468}
		{BBA41278-5CC7-40F3-B24A-F1F9A5FD12C8} = {28383F3E-E935-4A88-A667-A2F73303725C}
		{BBBA629F-41F0-4543-B102-757D572C45D7} = {3173DF88-E7C5-4E00-B129-9D62C8EE9D2E}
		{8C9655AE-62F1-4972-AEC8-93A04B190C5E} = {3173DF88-E7C5-4E00-B129-9D62C8EE9D2E}
		{A4F4E4BE-809B-457A-B2B4-C261A1C35B67} = {3173DF88-E7C5-4E00-B129-9D62C8EE9D2E}
		{D789CF3A-EEE8-4351-932C-4504BC9FF233} = {BBBA629F-41F0-4543-B102-757D572C45D7}
		{DB8802B4-7243-4395-95FB-4560805B835C} = {8C9655AE-62F1-4972-AEC8-93A04B190C5E}
		{9D20E1CB-ED8E-44AC-9ED8-EE6D081FC801} = {8C9655AE-62F1-4972-AEC8-93A04B190C5E}
		{C0112034-5066-4C20-B9C4-F5B690980BA1} = {A4F4E4BE-809B-457A-B2B4-C261A1C35B67}
		{BFAB5812-5DE2-4DB1-A0E5-3DB6980C224D} = {A4F4E4BE-809B-457A-B2B4-C261A1C35B67}
	EndGlobalSection
	GlobalSection(ExtensibilityGlobals) = postSolution
		SolutionGuid = {B4348554-1CA7-4F93-A74A-E93BD864DE42}
	EndGlobalSection
EndGlobal
